
Microsoft Visual Studio Solution File, Format Version 12.00
# Visual Studio Version 16
VisualStudioVersion = 16.0.30204.135
MinimumVisualStudioVersion = 10.0.40219.1
Project("{FAE04EC0-301F-11D3-BF4B-00C04F79EFBC}") = "Core.Start", "TerritorySimulator\Core.Start.csproj", "{52E443D2-81E5-45C2-8F79-968FDBFAE496}"
EndProject
Project("{2150E333-8FDC-42A3-9474-1A3956D46DE8}") = "Core", "Core", "{E3A2B84D-6C97-4C73-8C8F-F1010C54F523}"
EndProject
Project("{2150E333-8FDC-42A3-9474-1A3956D46DE8}") = "GUI", "GUI", "{31323DC2-5025-40D3-9D81-042630CE2672}"
EndProject
Project("{2150E333-8FDC-42A3-9474-1A3956D46DE8}") = "Map", "Map", "{D06B6A6A-F6DB-4432-B30A-F2AF71F71C9F}"
EndProject
Project("{2150E333-8FDC-42A3-9474-1A3956D46DE8}") = "Rendering", "Rendering", "{D80F606C-4B86-489A-A61D-AF0904B330BE}"
EndProject
Project("{FAE04EC0-301F-11D3-BF4B-00C04F79EFBC}") = "Map.Politics", "Map.Nations\Map.Politics.csproj", "{7E3872A4-0A9B-4564-A2E0-1591AA9DEB28}"
EndProject
Project("{FAE04EC0-301F-11D3-BF4B-00C04F79EFBC}") = "GUI.Layers", "GUI.Layers\GUI.Layers.csproj", "{08157F54-54F3-4F94-8989-05BC3F481B82}"
EndProject
Project("{FAE04EC0-301F-11D3-BF4B-00C04F79EFBC}") = "Map.Topography", "Map.Topography\Map.Topography.csproj", "{47FBF23C-B71A-4F87-9076-9D1ABF5C6BD4}"
EndProject
Project("{FAE04EC0-301F-11D3-BF4B-00C04F79EFBC}") = "GUI.Main", "GUI.Main\GUI.Main.csproj", "{4497B294-1A5C-4275-9DA4-D91849051C08}"
EndProject
Project("{FAE04EC0-301F-11D3-BF4B-00C04F79EFBC}") = "GUI.WorldTools", "GUI.WorldTools\GUI.WorldTools.csproj", "{FE85DDDF-C040-4BF1-BB4A-D35C62AAD226}"
EndProject
Project("{FAE04EC0-301F-11D3-BF4B-00C04F79EFBC}") = "Rendering.Core", "Rendering.Core\Rendering.Core.csproj", "{22FDA43A-58CF-4CAA-884A-AFCC345EB9A3}"
EndProject
Project("{FAE04EC0-301F-11D3-BF4B-00C04F79EFBC}") = "Core.Configuration", "Core.Configuration\Core.Configuration.csproj", "{B005A888-AADB-448F-B292-04A32E6552A5}"
EndProject
Project("{FAE04EC0-301F-11D3-BF4B-00C04F79EFBC}") = "Rendering.SceneManagement", "Rendering.SceneManagement\Rendering.SceneManagement.csproj", "{27E5B35B-1468-408A-8BB7-5C73449B31C5}"
EndProject
Global
	GlobalSection(SolutionConfigurationPlatforms) = preSolution
		Debug|Any CPU = Debug|Any CPU
		Release|Any CPU = Release|Any CPU
	EndGlobalSection
	GlobalSection(ProjectConfigurationPlatforms) = postSolution
		{52E443D2-81E5-45C2-8F79-968FDBFAE496}.Debug|Any CPU.ActiveCfg = Debug|Any CPU
		{52E443D2-81E5-45C2-8F79-968FDBFAE496}.Debug|Any CPU.Build.0 = Debug|Any CPU
		{52E443D2-81E5-45C2-8F79-968FDBFAE496}.Release|Any CPU.ActiveCfg = Release|Any CPU
		{52E443D2-81E5-45C2-8F79-968FDBFAE496}.Release|Any CPU.Build.0 = Release|Any CPU
		{7E3872A4-0A9B-4564-A2E0-1591AA9DEB28}.Debug|Any CPU.ActiveCfg = Debug|Any CPU
		{7E3872A4-0A9B-4564-A2E0-1591AA9DEB28}.Debug|Any CPU.Build.0 = Debug|Any CPU
		{7E3872A4-0A9B-4564-A2E0-1591AA9DEB28}.Release|Any CPU.ActiveCfg = Release|Any CPU
		{7E3872A4-0A9B-4564-A2E0-1591AA9DEB28}.Release|Any CPU.Build.0 = Release|Any CPU
		{08157F54-54F3-4F94-8989-05BC3F481B82}.Debug|Any CPU.ActiveCfg = Debug|Any CPU
		{08157F54-54F3-4F94-8989-05BC3F481B82}.Debug|Any CPU.Build.0 = Debug|Any CPU
		{08157F54-54F3-4F94-8989-05BC3F481B82}.Release|Any CPU.ActiveCfg = Release|Any CPU
		{08157F54-54F3-4F94-8989-05BC3F481B82}.Release|Any CPU.Build.0 = Release|Any CPU
		{47FBF23C-B71A-4F87-9076-9D1ABF5C6BD4}.Debug|Any CPU.ActiveCfg = Debug|Any CPU
		{47FBF23C-B71A-4F87-9076-9D1ABF5C6BD4}.Debug|Any CPU.Build.0 = Debug|Any CPU
		{47FBF23C-B71A-4F87-9076-9D1ABF5C6BD4}.Release|Any CPU.ActiveCfg = Release|Any CPU
		{47FBF23C-B71A-4F87-9076-9D1ABF5C6BD4}.Release|Any CPU.Build.0 = Release|Any CPU
		{4497B294-1A5C-4275-9DA4-D91849051C08}.Debug|Any CPU.ActiveCfg = Debug|Any CPU
		{4497B294-1A5C-4275-9DA4-D91849051C08}.Debug|Any CPU.Build.0 = Debug|Any CPU
		{4497B294-1A5C-4275-9DA4-D91849051C08}.Release|Any CPU.ActiveCfg = Release|Any CPU
		{4497B294-1A5C-4275-9DA4-D91849051C08}.Release|Any CPU.Build.0 = Release|Any CPU
		{FE85DDDF-C040-4BF1-BB4A-D35C62AAD226}.Debug|Any CPU.ActiveCfg = Debug|Any CPU
		{FE85DDDF-C040-4BF1-BB4A-D35C62AAD226}.Debug|Any CPU.Build.0 = Debug|Any CPU
		{FE85DDDF-C040-4BF1-BB4A-D35C62AAD226}.Release|Any CPU.ActiveCfg = Release|Any CPU
		{FE85DDDF-C040-4BF1-BB4A-D35C62AAD226}.Release|Any CPU.Build.0 = Release|Any CPU
		{22FDA43A-58CF-4CAA-884A-AFCC345EB9A3}.Debug|Any CPU.ActiveCfg = Debug|Any CPU
		{22FDA43A-58CF-4CAA-884A-AFCC345EB9A3}.Debug|Any CPU.Build.0 = Debug|Any CPU
		{22FDA43A-58CF-4CAA-884A-AFCC345EB9A3}.Release|Any CPU.ActiveCfg = Release|Any CPU
		{22FDA43A-58CF-4CAA-884A-AFCC345EB9A3}.Release|Any CPU.Build.0 = Release|Any CPU
		{B005A888-AADB-448F-B292-04A32E6552A5}.Debug|Any CPU.ActiveCfg = Debug|Any CPU
		{B005A888-AADB-448F-B292-04A32E6552A5}.Debug|Any CPU.Build.0 = Debug|Any CPU
		{B005A888-AADB-448F-B292-04A32E6552A5}.Release|Any CPU.ActiveCfg = Release|Any CPU
		{B005A888-AADB-448F-B292-04A32E6552A5}.Release|Any CPU.Build.0 = Release|Any CPU
		{27E5B35B-1468-408A-8BB7-5C73449B31C5}.Debug|Any CPU.ActiveCfg = Debug|Any CPU
		{27E5B35B-1468-408A-8BB7-5C73449B31C5}.Debug|Any CPU.Build.0 = Debug|Any CPU
		{27E5B35B-1468-408A-8BB7-5C73449B31C5}.Release|Any CPU.ActiveCfg = Release|Any CPU
		{27E5B35B-1468-408A-8BB7-5C73449B31C5}.Release|Any CPU.Build.0 = Release|Any CPU
	EndGlobalSection
	GlobalSection(SolutionProperties) = preSolution
		HideSolutionNode = FALSE
	EndGlobalSection
	GlobalSection(NestedProjects) = preSolution
		{52E443D2-81E5-45C2-8F79-968FDBFAE496} = {E3A2B84D-6C97-4C73-8C8F-F1010C54F523}
		{7E3872A4-0A9B-4564-A2E0-1591AA9DEB28} = {D06B6A6A-F6DB-4432-B30A-F2AF71F71C9F}
		{08157F54-54F3-4F94-8989-05BC3F481B82} = {31323DC2-5025-40D3-9D81-042630CE2672}
		{47FBF23C-B71A-4F87-9076-9D1ABF5C6BD4} = {D06B6A6A-F6DB-4432-B30A-F2AF71F71C9F}
		{4497B294-1A5C-4275-9DA4-D91849051C08} = {31323DC2-5025-40D3-9D81-042630CE2672}
		{FE85DDDF-C040-4BF1-BB4A-D35C62AAD226} = {31323DC2-5025-40D3-9D81-042630CE2672}
		{22FDA43A-58CF-4CAA-884A-AFCC345EB9A3} = {D80F606C-4B86-489A-A61D-AF0904B330BE}
		{B005A888-AADB-448F-B292-04A32E6552A5} = {E3A2B84D-6C97-4C73-8C8F-F1010C54F523}
		{27E5B35B-1468-408A-8BB7-5C73449B31C5} = {D80F606C-4B86-489A-A61D-AF0904B330BE}
	EndGlobalSection
	GlobalSection(ExtensibilityGlobals) = postSolution
		SolutionGuid = {D9D0D3DD-A755-42A9-B04A-BD415444F4BE}
	EndGlobalSection
EndGlobal
